
Microsoft Visual Studio Solution File, Format Version 12.00
# Visual Studio Version 17
VisualStudioVersion = 17.11.35219.272
MinimumVisualStudioVersion = 10.0.40219.1
Project("{FAE04EC0-301F-11D3-BF4B-00C04F79EFBC}") = "CalcQuiz", "CalcQuiz\CalcQuiz.csproj", "{AF26EC7B-EE3D-4472-AD2B-1347B2B8B027}"
EndProject
Global
	GlobalSection(SolutionConfigurationPlatforms) = preSolution
		Debug|Any CPU = Debug|Any CPU
		Release|Any CPU = Release|Any CPU
	EndGlobalSection
	GlobalSection(ProjectConfigurationPlatforms) = postSolution
		{AF26EC7B-EE3D-4472-AD2B-1347B2B8B027}.Debug|Any CPU.ActiveCfg = Debug|Any CPU
		{AF26EC7B-EE3D-4472-AD2B-1347B2B8B027}.Debug|Any CPU.Build.0 = Debug|Any CPU
		{AF26EC7B-EE3D-4472-AD2B-1347B2B8B027}.Release|Any CPU.ActiveCfg = Release|Any CPU
		{AF26EC7B-EE3D-4472-AD2B-1347B2B8B027}.Release|Any CPU.Build.0 = Release|Any CPU
	EndGlobalSection
	GlobalSection(SolutionProperties) = preSolution
		HideSolutionNode = FALSE
	EndGlobalSection
	GlobalSection(ExtensibilityGlobals) = postSolution
		SolutionGuid = {24E3CE79-4576-42C9-A2F7-80C6CE310234}
	EndGlobalSection
EndGlobal
